
Microsoft Visual Studio Solution File, Format Version 12.00
# Visual Studio 15
VisualStudioVersion = 15.0.28307.572
MinimumVisualStudioVersion = 10.0.40219.1
Project("{FAE04EC0-301F-11D3-BF4B-00C04F79EFBC}") = "BIMOneGoogleAPI", "BIMOne.GoogleSheets\BIMOneGoogleAPI.csproj", "{C16E92A8-9AF7-49AA-912D-2A290C2CBBD3}"
EndProject
Global
	GlobalSection(SolutionConfigurationPlatforms) = preSolution
		Debug|Any CPU = Debug|Any CPU
		Release|Any CPU = Release|Any CPU
	EndGlobalSection
	GlobalSection(ProjectConfigurationPlatforms) = postSolution
		{C16E92A8-9AF7-49AA-912D-2A290C2CBBD3}.Debug|Any CPU.ActiveCfg = Debug|Any CPU
		{C16E92A8-9AF7-49AA-912D-2A290C2CBBD3}.Debug|Any CPU.Build.0 = Debug|Any CPU
		{C16E92A8-9AF7-49AA-912D-2A290C2CBBD3}.Release|Any CPU.ActiveCfg = Release|Any CPU
		{C16E92A8-9AF7-49AA-912D-2A290C2CBBD3}.Release|Any CPU.Build.0 = Release|Any CPU
	EndGlobalSection
	GlobalSection(SolutionProperties) = preSolution
		HideSolutionNode = FALSE
	EndGlobalSection
	GlobalSection(ExtensibilityGlobals) = postSolution
		SolutionGuid = {76B86BC3-25C2-4650-89B8-2DFF056FB4C9}
	EndGlobalSection
EndGlobal
